// !$*UTF8*$!
{
	archiveVersion = 1;
	classes = {
	};
	objectVersion = 50;
	objects = {

/* Begin PBXBuildFile section */
		6D4DB4D521C00B870024A540 /* MapViewController.swift in Sources */ = {isa = PBXBuildFile; fileRef = 6D4DB4D421C00B870024A540 /* MapViewController.swift */; };
		6D4DB4D721C00E4C0024A540 /* TransportViewController.swift in Sources */ = {isa = PBXBuildFile; fileRef = 6D4DB4D621C00E4C0024A540 /* TransportViewController.swift */; };
		6D610FBA21C10FB50064C937 /* CoreDataManager.swift in Sources */ = {isa = PBXBuildFile; fileRef = 6D610FB921C10FB50064C937 /* CoreDataManager.swift */; };
		6D610FBD21C112240064C937 /* CoreData.xcdatamodeld in Sources */ = {isa = PBXBuildFile; fileRef = 6D610FBB21C112240064C937 /* CoreData.xcdatamodeld */; };
		6D610FBF21C117540064C937 /* AlarmCoreData.swift in Sources */ = {isa = PBXBuildFile; fileRef = 6D610FBE21C117540064C937 /* AlarmCoreData.swift */; };
		6D99ACB221C04AA600A91752 /* TransportType.swift in Sources */ = {isa = PBXBuildFile; fileRef = 6D99ACB121C04AA600A91752 /* TransportType.swift */; };
		CE9B639421A210CA0014F51A /* Journey.swift in Sources */ = {isa = PBXBuildFile; fileRef = CE9B639321A210CA0014F51A /* Journey.swift */; };
		CE9B639621A2110F0014F51A /* TravelManager.swift in Sources */ = {isa = PBXBuildFile; fileRef = CE9B639521A2110F0014F51A /* TravelManager.swift */; };
		CEF7BFD221C5236700694360 /* CoreLocation.framework in Frameworks */ = {isa = PBXBuildFile; fileRef = CEF7BFD121C5236700694360 /* CoreLocation.framework */; };
		EA156C4221A1E00F00F29C91 /* AlarmSettingsViewController.swift in Sources */ = {isa = PBXBuildFile; fileRef = EA156C4121A1E00F00F29C91 /* AlarmSettingsViewController.swift */; };
		EA156C4421A1E16100F29C91 /* AlarmSettingsCell.swift in Sources */ = {isa = PBXBuildFile; fileRef = EA156C4321A1E16100F29C91 /* AlarmSettingsCell.swift */; };
		EA156C4621A1E5B100F29C91 /* AlarmSettingsCell.xib in Resources */ = {isa = PBXBuildFile; fileRef = EA156C4521A1E5B100F29C91 /* AlarmSettingsCell.xib */; };
		EA45D46F21922F4C0050FDC3 /* AppDelegate.swift in Sources */ = {isa = PBXBuildFile; fileRef = EA45D46E21922F4C0050FDC3 /* AppDelegate.swift */; };
		EA45D47121922F4C0050FDC3 /* AlarmsViewController.swift in Sources */ = {isa = PBXBuildFile; fileRef = EA45D47021922F4C0050FDC3 /* AlarmsViewController.swift */; };
		EA45D47421922F4C0050FDC3 /* Main.storyboard in Resources */ = {isa = PBXBuildFile; fileRef = EA45D47221922F4C0050FDC3 /* Main.storyboard */; };
		EA45D47621922F4E0050FDC3 /* Assets.xcassets in Resources */ = {isa = PBXBuildFile; fileRef = EA45D47521922F4E0050FDC3 /* Assets.xcassets */; };
		EA45D47921922F4E0050FDC3 /* LaunchScreen.storyboard in Resources */ = {isa = PBXBuildFile; fileRef = EA45D47721922F4E0050FDC3 /* LaunchScreen.storyboard */; };
		EA45D48421922F4E0050FDC3 /* designTests.swift in Sources */ = {isa = PBXBuildFile; fileRef = EA45D48321922F4E0050FDC3 /* designTests.swift */; };
		EA45D48F21922F4E0050FDC3 /* designUITests.swift in Sources */ = {isa = PBXBuildFile; fileRef = EA45D48E21922F4E0050FDC3 /* designUITests.swift */; };
		EA45D49D219238270050FDC3 /* AlarmCell.xib in Resources */ = {isa = PBXBuildFile; fileRef = EA45D49C219238270050FDC3 /* AlarmCell.xib */; };
		EA45D4A121923E5B0050FDC3 /* AlarmCell.swift in Sources */ = {isa = PBXBuildFile; fileRef = EA45D4A021923E5B0050FDC3 /* AlarmCell.swift */; };
		EAA59AA9219B79FC0053A6F8 /* Alarm.swift in Sources */ = {isa = PBXBuildFile; fileRef = EAA59AA8219B79FC0053A6F8 /* Alarm.swift */; };
		EAF8A30321BC754900D0B3AC /* FeesController.swift in Sources */ = {isa = PBXBuildFile; fileRef = EAF8A30221BC754900D0B3AC /* FeesController.swift */; };
/* End PBXBuildFile section */

/* Begin PBXContainerItemProxy section */
		EA45D48021922F4E0050FDC3 /* PBXContainerItemProxy */ = {
			isa = PBXContainerItemProxy;
			containerPortal = EA45D46321922F4C0050FDC3 /* Project object */;
			proxyType = 1;
			remoteGlobalIDString = EA45D46A21922F4C0050FDC3;
			remoteInfo = design;
		};
		EA45D48B21922F4E0050FDC3 /* PBXContainerItemProxy */ = {
			isa = PBXContainerItemProxy;
			containerPortal = EA45D46321922F4C0050FDC3 /* Project object */;
			proxyType = 1;
			remoteGlobalIDString = EA45D46A21922F4C0050FDC3;
			remoteInfo = design;
		};
/* End PBXContainerItemProxy section */

/* Begin PBXFileReference section */
		6D4DB4D421C00B870024A540 /* MapViewController.swift */ = {isa = PBXFileReference; lastKnownFileType = sourcecode.swift; path = MapViewController.swift; sourceTree = "<group>"; };
		6D4DB4D621C00E4C0024A540 /* TransportViewController.swift */ = {isa = PBXFileReference; lastKnownFileType = sourcecode.swift; path = TransportViewController.swift; sourceTree = "<group>"; };
		6D4DB4DE21C013C30024A540 /* s.caf */ = {isa = PBXFileReference; lastKnownFileType = file; name = s.caf; path = "../../../IOS-mlcourse-pushes/pushes/s.caf"; sourceTree = "<group>"; };
		6D610FB921C10FB50064C937 /* CoreDataManager.swift */ = {isa = PBXFileReference; fileEncoding = 4; lastKnownFileType = sourcecode.swift; name = CoreDataManager.swift; path = SmartAlarm/CoreDataManager/CoreDataManager.swift; sourceTree = SOURCE_ROOT; };
		6D610FBC21C112240064C937 /* CoreData.xcdatamodel */ = {isa = PBXFileReference; lastKnownFileType = wrapper.xcdatamodel; path = CoreData.xcdatamodel; sourceTree = "<group>"; };
		6D610FBE21C117540064C937 /* AlarmCoreData.swift */ = {isa = PBXFileReference; lastKnownFileType = sourcecode.swift; path = AlarmCoreData.swift; sourceTree = "<group>"; };
		6D99ACB121C04AA600A91752 /* TransportType.swift */ = {isa = PBXFileReference; lastKnownFileType = sourcecode.swift; path = TransportType.swift; sourceTree = "<group>"; };
		CE9B639321A210CA0014F51A /* Journey.swift */ = {isa = PBXFileReference; lastKnownFileType = sourcecode.swift; path = Journey.swift; sourceTree = "<group>"; };
		CE9B639521A2110F0014F51A /* TravelManager.swift */ = {isa = PBXFileReference; lastKnownFileType = sourcecode.swift; path = TravelManager.swift; sourceTree = "<group>"; };
		CEF7BFD121C5236700694360 /* CoreLocation.framework */ = {isa = PBXFileReference; lastKnownFileType = wrapper.framework; name = CoreLocation.framework; path = System/Library/Frameworks/CoreLocation.framework; sourceTree = SDKROOT; };
		EA156C4121A1E00F00F29C91 /* AlarmSettingsViewController.swift */ = {isa = PBXFileReference; lastKnownFileType = sourcecode.swift; path = AlarmSettingsViewController.swift; sourceTree = "<group>"; };
		EA156C4321A1E16100F29C91 /* AlarmSettingsCell.swift */ = {isa = PBXFileReference; lastKnownFileType = sourcecode.swift; path = AlarmSettingsCell.swift; sourceTree = "<group>"; };
		EA156C4521A1E5B100F29C91 /* AlarmSettingsCell.xib */ = {isa = PBXFileReference; lastKnownFileType = file.xib; path = AlarmSettingsCell.xib; sourceTree = "<group>"; };
		EA45D46B21922F4C0050FDC3 /* SmartAlarm.app */ = {isa = PBXFileReference; explicitFileType = wrapper.application; includeInIndex = 0; path = SmartAlarm.app; sourceTree = BUILT_PRODUCTS_DIR; };
		EA45D46E21922F4C0050FDC3 /* AppDelegate.swift */ = {isa = PBXFileReference; lastKnownFileType = sourcecode.swift; path = AppDelegate.swift; sourceTree = "<group>"; };
		EA45D47021922F4C0050FDC3 /* AlarmsViewController.swift */ = {isa = PBXFileReference; lastKnownFileType = sourcecode.swift; path = AlarmsViewController.swift; sourceTree = "<group>"; };
		EA45D47321922F4C0050FDC3 /* Base */ = {isa = PBXFileReference; lastKnownFileType = file.storyboard; name = Base; path = Base.lproj/Main.storyboard; sourceTree = "<group>"; };
		EA45D47521922F4E0050FDC3 /* Assets.xcassets */ = {isa = PBXFileReference; lastKnownFileType = folder.assetcatalog; path = Assets.xcassets; sourceTree = "<group>"; };
		EA45D47821922F4E0050FDC3 /* Base */ = {isa = PBXFileReference; lastKnownFileType = file.storyboard; name = Base; path = Base.lproj/LaunchScreen.storyboard; sourceTree = "<group>"; };
		EA45D47A21922F4E0050FDC3 /* Info.plist */ = {isa = PBXFileReference; lastKnownFileType = text.plist.xml; path = Info.plist; sourceTree = "<group>"; };
		EA45D47F21922F4E0050FDC3 /* SmartAlarmTests.xctest */ = {isa = PBXFileReference; explicitFileType = wrapper.cfbundle; includeInIndex = 0; path = SmartAlarmTests.xctest; sourceTree = BUILT_PRODUCTS_DIR; };
		EA45D48321922F4E0050FDC3 /* designTests.swift */ = {isa = PBXFileReference; lastKnownFileType = sourcecode.swift; path = designTests.swift; sourceTree = "<group>"; };
		EA45D48521922F4E0050FDC3 /* Info.plist */ = {isa = PBXFileReference; lastKnownFileType = text.plist.xml; path = Info.plist; sourceTree = "<group>"; };
		EA45D48A21922F4E0050FDC3 /* SmartAlarmUITests.xctest */ = {isa = PBXFileReference; explicitFileType = wrapper.cfbundle; includeInIndex = 0; path = SmartAlarmUITests.xctest; sourceTree = BUILT_PRODUCTS_DIR; };
		EA45D48E21922F4E0050FDC3 /* designUITests.swift */ = {isa = PBXFileReference; lastKnownFileType = sourcecode.swift; path = designUITests.swift; sourceTree = "<group>"; };
		EA45D49021922F4E0050FDC3 /* Info.plist */ = {isa = PBXFileReference; lastKnownFileType = text.plist.xml; path = Info.plist; sourceTree = "<group>"; };
		EA45D49C219238270050FDC3 /* AlarmCell.xib */ = {isa = PBXFileReference; lastKnownFileType = file.xib; path = AlarmCell.xib; sourceTree = "<group>"; };
		EA45D4A021923E5B0050FDC3 /* AlarmCell.swift */ = {isa = PBXFileReference; lastKnownFileType = sourcecode.swift; path = AlarmCell.swift; sourceTree = "<group>"; };
		EAA59AA8219B79FC0053A6F8 /* Alarm.swift */ = {isa = PBXFileReference; lastKnownFileType = sourcecode.swift; path = Alarm.swift; sourceTree = "<group>"; };
		EAF8A30221BC754900D0B3AC /* FeesController.swift */ = {isa = PBXFileReference; lastKnownFileType = sourcecode.swift; path = FeesController.swift; sourceTree = "<group>"; };
/* End PBXFileReference section */

/* Begin PBXFrameworksBuildPhase section */
		EA45D46821922F4C0050FDC3 /* Frameworks */ = {
			isa = PBXFrameworksBuildPhase;
			buildActionMask = 2147483647;
			files = (
				CEF7BFD221C5236700694360 /* CoreLocation.framework in Frameworks */,
			);
			runOnlyForDeploymentPostprocessing = 0;
		};
		EA45D47C21922F4E0050FDC3 /* Frameworks */ = {
			isa = PBXFrameworksBuildPhase;
			buildActionMask = 2147483647;
			files = (
			);
			runOnlyForDeploymentPostprocessing = 0;
		};
		EA45D48721922F4E0050FDC3 /* Frameworks */ = {
			isa = PBXFrameworksBuildPhase;
			buildActionMask = 2147483647;
			files = (
			);
			runOnlyForDeploymentPostprocessing = 0;
		};
/* End PBXFrameworksBuildPhase section */

/* Begin PBXGroup section */
		6D4DB4D821C011500024A540 /* Alarm Settings View */ = {
			isa = PBXGroup;
			children = (
				EA156C4121A1E00F00F29C91 /* AlarmSettingsViewController.swift */,
				EA156C4521A1E5B100F29C91 /* AlarmSettingsCell.xib */,
				EA156C4321A1E16100F29C91 /* AlarmSettingsCell.swift */,
			);
			path = "Alarm Settings View";
			sourceTree = "<group>";
		};
		6D4DB4D921C011D30024A540 /* Alarms View */ = {
			isa = PBXGroup;
			children = (
				EA45D47021922F4C0050FDC3 /* AlarmsViewController.swift */,
				EA45D4A021923E5B0050FDC3 /* AlarmCell.swift */,
				EA45D49C219238270050FDC3 /* AlarmCell.xib */,
			);
			path = "Alarms View";
			sourceTree = "<group>";
		};
		6D4DB4DA21C011FD0024A540 /* Fees View */ = {
			isa = PBXGroup;
			children = (
				EAF8A30221BC754900D0B3AC /* FeesController.swift */,
			);
			path = "Fees View";
			sourceTree = "<group>";
		};
		6D4DB4DB21C0120C0024A540 /* Map View */ = {
			isa = PBXGroup;
			children = (
				6D4DB4D421C00B870024A540 /* MapViewController.swift */,
			);
			path = "Map View";
			sourceTree = "<group>";
		};
		6D4DB4DC21C012140024A540 /* Transport View */ = {
			isa = PBXGroup;
			children = (
				6D4DB4D621C00E4C0024A540 /* TransportViewController.swift */,
			);
			path = "Transport View";
			sourceTree = "<group>";
		};
		6D4DB4DD21C0136B0024A540 /* Sounds */ = {
			isa = PBXGroup;
			children = (
				6D4DB4DE21C013C30024A540 /* s.caf */,
			);
			path = Sounds;
			sourceTree = "<group>";
		};
		6D4DB4DF21C013D30024A540 /* Models */ = {
			isa = PBXGroup;
			children = (
				CE9B639321A210CA0014F51A /* Journey.swift */,
				EAA59AA8219B79FC0053A6F8 /* Alarm.swift */,
				6D99ACB121C04AA600A91752 /* TransportType.swift */,
			);
			path = Models;
			sourceTree = "<group>";
		};
		6D610FB821C10FA90064C937 /* Core Data */ = {
			isa = PBXGroup;
			children = (
				6D610FB921C10FB50064C937 /* CoreDataManager.swift */,
				6D610FBE21C117540064C937 /* AlarmCoreData.swift */,
			);
			path = "Core Data";
			sourceTree = "<group>";
		};
		CE9B639221A20EB90014F51A /* Travel Manager */ = {
			isa = PBXGroup;
			children = (
				CE9B639521A2110F0014F51A /* TravelManager.swift */,
			);
			path = "Travel Manager";
			sourceTree = "<group>";
		};
		CEF7BFD021C5236700694360 /* Frameworks */ = {
			isa = PBXGroup;
			children = (
				CEF7BFD121C5236700694360 /* CoreLocation.framework */,
			);
			name = Frameworks;
			sourceTree = "<group>";
		};
		EA45D46221922F4C0050FDC3 = {
			isa = PBXGroup;
			children = (
				EA45D46D21922F4C0050FDC3 /* SmartAlarm */,
				EA45D48221922F4E0050FDC3 /* designTests */,
				EA45D48D21922F4E0050FDC3 /* designUITests */,
				EA45D46C21922F4C0050FDC3 /* Products */,
				CEF7BFD021C5236700694360 /* Frameworks */,
			);
			sourceTree = "<group>";
		};
		EA45D46C21922F4C0050FDC3 /* Products */ = {
			isa = PBXGroup;
			children = (
				EA45D46B21922F4C0050FDC3 /* SmartAlarm.app */,
				EA45D47F21922F4E0050FDC3 /* SmartAlarmTests.xctest */,
				EA45D48A21922F4E0050FDC3 /* SmartAlarmUITests.xctest */,
			);
			name = Products;
			sourceTree = "<group>";
		};
		EA45D46D21922F4C0050FDC3 /* SmartAlarm */ = {
			isa = PBXGroup;
			children = (
				EA45D47221922F4C0050FDC3 /* Main.storyboard */,
				6D610FB821C10FA90064C937 /* Core Data */,
				6D4DB4D921C011D30024A540 /* Alarms View */,
				6D4DB4D821C011500024A540 /* Alarm Settings View */,
				6D4DB4DF21C013D30024A540 /* Models */,
				6D4DB4DD21C0136B0024A540 /* Sounds */,
				6D4DB4DC21C012140024A540 /* Transport View */,
				6D4DB4DB21C0120C0024A540 /* Map View */,
				6D4DB4DA21C011FD0024A540 /* Fees View */,
				CE9B639221A20EB90014F51A /* Travel Manager */,
				EA45D46E21922F4C0050FDC3 /* AppDelegate.swift */,
				EA45D47721922F4E0050FDC3 /* LaunchScreen.storyboard */,
				EA45D47A21922F4E0050FDC3 /* Info.plist */,
				EA45D47521922F4E0050FDC3 /* Assets.xcassets */,
				6D610FBB21C112240064C937 /* CoreData.xcdatamodeld */,
			);
			path = SmartAlarm;
			sourceTree = "<group>";
		};
		EA45D48221922F4E0050FDC3 /* designTests */ = {
			isa = PBXGroup;
			children = (
				EA45D48321922F4E0050FDC3 /* designTests.swift */,
				EA45D48521922F4E0050FDC3 /* Info.plist */,
			);
			path = designTests;
			sourceTree = "<group>";
		};
		EA45D48D21922F4E0050FDC3 /* designUITests */ = {
			isa = PBXGroup;
			children = (
				EA45D48E21922F4E0050FDC3 /* designUITests.swift */,
				EA45D49021922F4E0050FDC3 /* Info.plist */,
			);
			path = designUITests;
			sourceTree = "<group>";
		};
/* End PBXGroup section */

/* Begin PBXNativeTarget section */
		EA45D46A21922F4C0050FDC3 /* SmartAlarm */ = {
			isa = PBXNativeTarget;
			buildConfigurationList = EA45D49321922F4E0050FDC3 /* Build configuration list for PBXNativeTarget "SmartAlarm" */;
			buildPhases = (
				EA45D46721922F4C0050FDC3 /* Sources */,
				EA45D46821922F4C0050FDC3 /* Frameworks */,
				EA45D46921922F4C0050FDC3 /* Resources */,
			);
			buildRules = (
			);
			dependencies = (
			);
			name = SmartAlarm;
			productName = design;
			productReference = EA45D46B21922F4C0050FDC3 /* SmartAlarm.app */;
			productType = "com.apple.product-type.application";
		};
		EA45D47E21922F4E0050FDC3 /* SmartAlarmTests */ = {
			isa = PBXNativeTarget;
			buildConfigurationList = EA45D49621922F4E0050FDC3 /* Build configuration list for PBXNativeTarget "SmartAlarmTests" */;
			buildPhases = (
				EA45D47B21922F4E0050FDC3 /* Sources */,
				EA45D47C21922F4E0050FDC3 /* Frameworks */,
				EA45D47D21922F4E0050FDC3 /* Resources */,
			);
			buildRules = (
			);
			dependencies = (
				EA45D48121922F4E0050FDC3 /* PBXTargetDependency */,
			);
			name = SmartAlarmTests;
			productName = designTests;
			productReference = EA45D47F21922F4E0050FDC3 /* SmartAlarmTests.xctest */;
			productType = "com.apple.product-type.bundle.unit-test";
		};
		EA45D48921922F4E0050FDC3 /* SmartAlarmUITests */ = {
			isa = PBXNativeTarget;
			buildConfigurationList = EA45D49921922F4E0050FDC3 /* Build configuration list for PBXNativeTarget "SmartAlarmUITests" */;
			buildPhases = (
				EA45D48621922F4E0050FDC3 /* Sources */,
				EA45D48721922F4E0050FDC3 /* Frameworks */,
				EA45D48821922F4E0050FDC3 /* Resources */,
			);
			buildRules = (
			);
			dependencies = (
				EA45D48C21922F4E0050FDC3 /* PBXTargetDependency */,
			);
			name = SmartAlarmUITests;
			productName = designUITests;
			productReference = EA45D48A21922F4E0050FDC3 /* SmartAlarmUITests.xctest */;
			productType = "com.apple.product-type.bundle.ui-testing";
		};
/* End PBXNativeTarget section */

/* Begin PBXProject section */
		EA45D46321922F4C0050FDC3 /* Project object */ = {
			isa = PBXProject;
			attributes = {
				LastSwiftUpdateCheck = 1010;
				LastUpgradeCheck = 1010;
				ORGANIZATIONNAME = Tonya;
				TargetAttributes = {
					EA45D46A21922F4C0050FDC3 = {
						CreatedOnToolsVersion = 10.1;
					};
					EA45D47E21922F4E0050FDC3 = {
						CreatedOnToolsVersion = 10.1;
						TestTargetID = EA45D46A21922F4C0050FDC3;
					};
					EA45D48921922F4E0050FDC3 = {
						CreatedOnToolsVersion = 10.1;
						TestTargetID = EA45D46A21922F4C0050FDC3;
					};
				};
			};
			buildConfigurationList = EA45D46621922F4C0050FDC3 /* Build configuration list for PBXProject "SmartAlarm" */;
			compatibilityVersion = "Xcode 9.3";
			developmentRegion = en;
			hasScannedForEncodings = 0;
			knownRegions = (
				en,
				Base,
			);
			mainGroup = EA45D46221922F4C0050FDC3;
			productRefGroup = EA45D46C21922F4C0050FDC3 /* Products */;
			projectDirPath = "";
			projectRoot = "";
			targets = (
				EA45D46A21922F4C0050FDC3 /* SmartAlarm */,
				EA45D47E21922F4E0050FDC3 /* SmartAlarmTests */,
				EA45D48921922F4E0050FDC3 /* SmartAlarmUITests */,
			);
		};
/* End PBXProject section */

/* Begin PBXResourcesBuildPhase section */
		EA45D46921922F4C0050FDC3 /* Resources */ = {
			isa = PBXResourcesBuildPhase;
			buildActionMask = 2147483647;
			files = (
				EA156C4621A1E5B100F29C91 /* AlarmSettingsCell.xib in Resources */,
				EA45D47921922F4E0050FDC3 /* LaunchScreen.storyboard in Resources */,
				EA45D49D219238270050FDC3 /* AlarmCell.xib in Resources */,
				EA45D47621922F4E0050FDC3 /* Assets.xcassets in Resources */,
				EA45D47421922F4C0050FDC3 /* Main.storyboard in Resources */,
			);
			runOnlyForDeploymentPostprocessing = 0;
		};
		EA45D47D21922F4E0050FDC3 /* Resources */ = {
			isa = PBXResourcesBuildPhase;
			buildActionMask = 2147483647;
			files = (
			);
			runOnlyForDeploymentPostprocessing = 0;
		};
		EA45D48821922F4E0050FDC3 /* Resources */ = {
			isa = PBXResourcesBuildPhase;
			buildActionMask = 2147483647;
			files = (
			);
			runOnlyForDeploymentPostprocessing = 0;
		};
/* End PBXResourcesBuildPhase section */

/* Begin PBXSourcesBuildPhase section */
		EA45D46721922F4C0050FDC3 /* Sources */ = {
			isa = PBXSourcesBuildPhase;
			buildActionMask = 2147483647;
			files = (
				CE9B639421A210CA0014F51A /* Journey.swift in Sources */,
				EAA59AA9219B79FC0053A6F8 /* Alarm.swift in Sources */,
				EA45D47121922F4C0050FDC3 /* AlarmsViewController.swift in Sources */,
				6D4DB4D521C00B870024A540 /* MapViewController.swift in Sources */,
				EA45D4A121923E5B0050FDC3 /* AlarmCell.swift in Sources */,
				EA156C4221A1E00F00F29C91 /* AlarmSettingsViewController.swift in Sources */,
				6D610FBD21C112240064C937 /* CoreData.xcdatamodeld in Sources */,
				EA45D46F21922F4C0050FDC3 /* AppDelegate.swift in Sources */,
				6D610FBF21C117540064C937 /* AlarmCoreData.swift in Sources */,
				6D610FBA21C10FB50064C937 /* CoreDataManager.swift in Sources */,
				EAF8A30321BC754900D0B3AC /* FeesController.swift in Sources */,
				6D4DB4D721C00E4C0024A540 /* TransportViewController.swift in Sources */,
				6D99ACB221C04AA600A91752 /* TransportType.swift in Sources */,
				EA156C4421A1E16100F29C91 /* AlarmSettingsCell.swift in Sources */,
				CE9B639621A2110F0014F51A /* TravelManager.swift in Sources */,
			);
			runOnlyForDeploymentPostprocessing = 0;
		};
		EA45D47B21922F4E0050FDC3 /* Sources */ = {
			isa = PBXSourcesBuildPhase;
			buildActionMask = 2147483647;
			files = (
				EA45D48421922F4E0050FDC3 /* designTests.swift in Sources */,
			);
			runOnlyForDeploymentPostprocessing = 0;
		};
		EA45D48621922F4E0050FDC3 /* Sources */ = {
			isa = PBXSourcesBuildPhase;
			buildActionMask = 2147483647;
			files = (
				EA45D48F21922F4E0050FDC3 /* designUITests.swift in Sources */,
			);
			runOnlyForDeploymentPostprocessing = 0;
		};
/* End PBXSourcesBuildPhase section */

/* Begin PBXTargetDependency section */
		EA45D48121922F4E0050FDC3 /* PBXTargetDependency */ = {
			isa = PBXTargetDependency;
			target = EA45D46A21922F4C0050FDC3 /* SmartAlarm */;
			targetProxy = EA45D48021922F4E0050FDC3 /* PBXContainerItemProxy */;
		};
		EA45D48C21922F4E0050FDC3 /* PBXTargetDependency */ = {
			isa = PBXTargetDependency;
			target = EA45D46A21922F4C0050FDC3 /* SmartAlarm */;
			targetProxy = EA45D48B21922F4E0050FDC3 /* PBXContainerItemProxy */;
		};
/* End PBXTargetDependency section */

/* Begin PBXVariantGroup section */
		EA45D47221922F4C0050FDC3 /* Main.storyboard */ = {
			isa = PBXVariantGroup;
			children = (
				EA45D47321922F4C0050FDC3 /* Base */,
			);
			name = Main.storyboard;
			sourceTree = "<group>";
		};
		EA45D47721922F4E0050FDC3 /* LaunchScreen.storyboard */ = {
			isa = PBXVariantGroup;
			children = (
				EA45D47821922F4E0050FDC3 /* Base */,
			);
			name = LaunchScreen.storyboard;
			sourceTree = "<group>";
		};
/* End PBXVariantGroup section */

/* Begin XCBuildConfiguration section */
		EA45D49121922F4E0050FDC3 /* Debug */ = {
			isa = XCBuildConfiguration;
			buildSettings = {
				ALWAYS_SEARCH_USER_PATHS = NO;
				CLANG_ANALYZER_NONNULL = YES;
				CLANG_ANALYZER_NUMBER_OBJECT_CONVERSION = YES_AGGRESSIVE;
				CLANG_CXX_LANGUAGE_STANDARD = "gnu++14";
				CLANG_CXX_LIBRARY = "libc++";
				CLANG_ENABLE_MODULES = YES;
				CLANG_ENABLE_OBJC_ARC = YES;
				CLANG_ENABLE_OBJC_WEAK = YES;
				CLANG_WARN_BLOCK_CAPTURE_AUTORELEASING = YES;
				CLANG_WARN_BOOL_CONVERSION = YES;
				CLANG_WARN_COMMA = YES;
				CLANG_WARN_CONSTANT_CONVERSION = YES;
				CLANG_WARN_DEPRECATED_OBJC_IMPLEMENTATIONS = YES;
				CLANG_WARN_DIRECT_OBJC_ISA_USAGE = YES_ERROR;
				CLANG_WARN_DOCUMENTATION_COMMENTS = YES;
				CLANG_WARN_EMPTY_BODY = YES;
				CLANG_WARN_ENUM_CONVERSION = YES;
				CLANG_WARN_INFINITE_RECURSION = YES;
				CLANG_WARN_INT_CONVERSION = YES;
				CLANG_WARN_NON_LITERAL_NULL_CONVERSION = YES;
				CLANG_WARN_OBJC_IMPLICIT_RETAIN_SELF = YES;
				CLANG_WARN_OBJC_LITERAL_CONVERSION = YES;
				CLANG_WARN_OBJC_ROOT_CLASS = YES_ERROR;
				CLANG_WARN_RANGE_LOOP_ANALYSIS = YES;
				CLANG_WARN_STRICT_PROTOTYPES = YES;
				CLANG_WARN_SUSPICIOUS_MOVE = YES;
				CLANG_WARN_UNGUARDED_AVAILABILITY = YES_AGGRESSIVE;
				CLANG_WARN_UNREACHABLE_CODE = YES;
				CLANG_WARN__DUPLICATE_METHOD_MATCH = YES;
				CODE_SIGN_IDENTITY = "iPhone Developer";
				COPY_PHASE_STRIP = NO;
				DEBUG_INFORMATION_FORMAT = dwarf;
				ENABLE_STRICT_OBJC_MSGSEND = YES;
				ENABLE_TESTABILITY = YES;
				GCC_C_LANGUAGE_STANDARD = gnu11;
				GCC_DYNAMIC_NO_PIC = NO;
				GCC_NO_COMMON_BLOCKS = YES;
				GCC_OPTIMIZATION_LEVEL = 0;
				GCC_PREPROCESSOR_DEFINITIONS = (
					"DEBUG=1",
					"$(inherited)",
				);
				GCC_WARN_64_TO_32_BIT_CONVERSION = YES;
				GCC_WARN_ABOUT_RETURN_TYPE = YES_ERROR;
				GCC_WARN_UNDECLARED_SELECTOR = YES;
				GCC_WARN_UNINITIALIZED_AUTOS = YES_AGGRESSIVE;
				GCC_WARN_UNUSED_FUNCTION = YES;
				GCC_WARN_UNUSED_VARIABLE = YES;
				IPHONEOS_DEPLOYMENT_TARGET = 12.1;
				MTL_ENABLE_DEBUG_INFO = INCLUDE_SOURCE;
				MTL_FAST_MATH = YES;
				ONLY_ACTIVE_ARCH = YES;
				SDKROOT = iphoneos;
				SWIFT_ACTIVE_COMPILATION_CONDITIONS = DEBUG;
				SWIFT_OPTIMIZATION_LEVEL = "-Onone";
			};
			name = Debug;
		};
		EA45D49221922F4E0050FDC3 /* Release */ = {
			isa = XCBuildConfiguration;
			buildSettings = {
				ALWAYS_SEARCH_USER_PATHS = NO;
				CLANG_ANALYZER_NONNULL = YES;
				CLANG_ANALYZER_NUMBER_OBJECT_CONVERSION = YES_AGGRESSIVE;
				CLANG_CXX_LANGUAGE_STANDARD = "gnu++14";
				CLANG_CXX_LIBRARY = "libc++";
				CLANG_ENABLE_MODULES = YES;
				CLANG_ENABLE_OBJC_ARC = YES;
				CLANG_ENABLE_OBJC_WEAK = YES;
				CLANG_WARN_BLOCK_CAPTURE_AUTORELEASING = YES;
				CLANG_WARN_BOOL_CONVERSION = YES;
				CLANG_WARN_COMMA = YES;
				CLANG_WARN_CONSTANT_CONVERSION = YES;
				CLANG_WARN_DEPRECATED_OBJC_IMPLEMENTATIONS = YES;
				CLANG_WARN_DIRECT_OBJC_ISA_USAGE = YES_ERROR;
				CLANG_WARN_DOCUMENTATION_COMMENTS = YES;
				CLANG_WARN_EMPTY_BODY = YES;
				CLANG_WARN_ENUM_CONVERSION = YES;
				CLANG_WARN_INFINITE_RECURSION = YES;
				CLANG_WARN_INT_CONVERSION = YES;
				CLANG_WARN_NON_LITERAL_NULL_CONVERSION = YES;
				CLANG_WARN_OBJC_IMPLICIT_RETAIN_SELF = YES;
				CLANG_WARN_OBJC_LITERAL_CONVERSION = YES;
				CLANG_WARN_OBJC_ROOT_CLASS = YES_ERROR;
				CLANG_WARN_RANGE_LOOP_ANALYSIS = YES;
				CLANG_WARN_STRICT_PROTOTYPES = YES;
				CLANG_WARN_SUSPICIOUS_MOVE = YES;
				CLANG_WARN_UNGUARDED_AVAILABILITY = YES_AGGRESSIVE;
				CLANG_WARN_UNREACHABLE_CODE = YES;
				CLANG_WARN__DUPLICATE_METHOD_MATCH = YES;
				CODE_SIGN_IDENTITY = "iPhone Developer";
				COPY_PHASE_STRIP = NO;
				DEBUG_INFORMATION_FORMAT = "dwarf-with-dsym";
				ENABLE_NS_ASSERTIONS = NO;
				ENABLE_STRICT_OBJC_MSGSEND = YES;
				GCC_C_LANGUAGE_STANDARD = gnu11;
				GCC_NO_COMMON_BLOCKS = YES;
				GCC_WARN_64_TO_32_BIT_CONVERSION = YES;
				GCC_WARN_ABOUT_RETURN_TYPE = YES_ERROR;
				GCC_WARN_UNDECLARED_SELECTOR = YES;
				GCC_WARN_UNINITIALIZED_AUTOS = YES_AGGRESSIVE;
				GCC_WARN_UNUSED_FUNCTION = YES;
				GCC_WARN_UNUSED_VARIABLE = YES;
				IPHONEOS_DEPLOYMENT_TARGET = 12.1;
				MTL_ENABLE_DEBUG_INFO = NO;
				MTL_FAST_MATH = YES;
				SDKROOT = iphoneos;
				SWIFT_COMPILATION_MODE = wholemodule;
				SWIFT_OPTIMIZATION_LEVEL = "-O";
				VALIDATE_PRODUCT = YES;
			};
			name = Release;
		};
		EA45D49421922F4E0050FDC3 /* Debug */ = {
			isa = XCBuildConfiguration;
			buildSettings = {
				ASSETCATALOG_COMPILER_APPICON_NAME = AppIcon;
				CODE_SIGN_STYLE = Automatic;
				DEVELOPMENT_TEAM = "";
				INFOPLIST_FILE = "$(SRCROOT)/SmartAlarm/Info.plist";
				IPHONEOS_DEPLOYMENT_TARGET = 10.3;
				LD_RUNPATH_SEARCH_PATHS = (
					"$(inherited)",
					"@executable_path/Frameworks",
				);
				PRODUCT_BUNDLE_IDENTIFIER = tonya.design;
				PRODUCT_NAME = "$(TARGET_NAME)";
				SWIFT_VERSION = 4.2;
				TARGETED_DEVICE_FAMILY = 1;
			};
			name = Debug;
		};
		EA45D49521922F4E0050FDC3 /* Release */ = {
			isa = XCBuildConfiguration;
			buildSettings = {
				ASSETCATALOG_COMPILER_APPICON_NAME = AppIcon;
				CODE_SIGN_STYLE = Automatic;
				DEVELOPMENT_TEAM = "";
				INFOPLIST_FILE = "$(SRCROOT)/SmartAlarm/Info.plist";
				IPHONEOS_DEPLOYMENT_TARGET = 10.3;
				LD_RUNPATH_SEARCH_PATHS = (
					"$(inherited)",
					"@executable_path/Frameworks",
				);
				PRODUCT_BUNDLE_IDENTIFIER = tonya.design;
				PRODUCT_NAME = "$(TARGET_NAME)";
				SWIFT_VERSION = 4.2;
				TARGETED_DEVICE_FAMILY = 1;
			};
			name = Release;
		};
		EA45D49721922F4E0050FDC3 /* Debug */ = {
			isa = XCBuildConfiguration;
			buildSettings = {
				ALWAYS_EMBED_SWIFT_STANDARD_LIBRARIES = YES;
				BUNDLE_LOADER = "$(TEST_HOST)";
				CODE_SIGN_STYLE = Automatic;
				INFOPLIST_FILE = designTests/Info.plist;
				LD_RUNPATH_SEARCH_PATHS = (
					"$(inherited)",
					"@executable_path/Frameworks",
					"@loader_path/Frameworks",
				);
				PRODUCT_BUNDLE_IDENTIFIER = tonya.designTests;
				PRODUCT_NAME = "$(TARGET_NAME)";
				SWIFT_VERSION = 4.2;
				TARGETED_DEVICE_FAMILY = "1,2";
				TEST_HOST = "$(BUILT_PRODUCTS_DIR)/SmartAlarm.app/SmartAlarm";
			};
			name = Debug;
		};
		EA45D49821922F4E0050FDC3 /* Release */ = {
			isa = XCBuildConfiguration;
			buildSettings = {
				ALWAYS_EMBED_SWIFT_STANDARD_LIBRARIES = YES;
				BUNDLE_LOADER = "$(TEST_HOST)";
				CODE_SIGN_STYLE = Automatic;
				INFOPLIST_FILE = designTests/Info.plist;
				LD_RUNPATH_SEARCH_PATHS = (
					"$(inherited)",
					"@executable_path/Frameworks",
					"@loader_path/Frameworks",
				);
				PRODUCT_BUNDLE_IDENTIFIER = tonya.designTests;
				PRODUCT_NAME = "$(TARGET_NAME)";
				SWIFT_VERSION = 4.2;
				TARGETED_DEVICE_FAMILY = "1,2";
				TEST_HOST = "$(BUILT_PRODUCTS_DIR)/SmartAlarm.app/SmartAlarm";
			};
			name = Release;
		};
		EA45D49A21922F4E0050FDC3 /* Debug */ = {
			isa = XCBuildConfiguration;
			buildSettings = {
				ALWAYS_EMBED_SWIFT_STANDARD_LIBRARIES = YES;
				CODE_SIGN_STYLE = Automatic;
				INFOPLIST_FILE = designUITests/Info.plist;
				LD_RUNPATH_SEARCH_PATHS = (
					"$(inherited)",
					"@executable_path/Frameworks",
					"@loader_path/Frameworks",
				);
				PRODUCT_BUNDLE_IDENTIFIER = tonya.designUITests;
				PRODUCT_NAME = "$(TARGET_NAME)";
				SWIFT_VERSION = 4.2;
				TARGETED_DEVICE_FAMILY = "1,2";
				TEST_TARGET_NAME = design;
			};
			name = Debug;
		};
		EA45D49B21922F4E0050FDC3 /* Release */ = {
			isa = XCBuildConfiguration;
			buildSettings = {
				ALWAYS_EMBED_SWIFT_STANDARD_LIBRARIES = YES;
				CODE_SIGN_STYLE = Automatic;
				INFOPLIST_FILE = designUITests/Info.plist;
				LD_RUNPATH_SEARCH_PATHS = (
					"$(inherited)",
					"@executable_path/Frameworks",
					"@loader_path/Frameworks",
				);
				PRODUCT_BUNDLE_IDENTIFIER = tonya.designUITests;
				PRODUCT_NAME = "$(TARGET_NAME)";
				SWIFT_VERSION = 4.2;
				TARGETED_DEVICE_FAMILY = "1,2";
				TEST_TARGET_NAME = design;
			};
			name = Release;
		};
/* End XCBuildConfiguration section */

/* Begin XCConfigurationList section */
		EA45D46621922F4C0050FDC3 /* Build configuration list for PBXProject "SmartAlarm" */ = {
			isa = XCConfigurationList;
			buildConfigurations = (
				EA45D49121922F4E0050FDC3 /* Debug */,
				EA45D49221922F4E0050FDC3 /* Release */,
			);
			defaultConfigurationIsVisible = 0;
			defaultConfigurationName = Release;
		};
		EA45D49321922F4E0050FDC3 /* Build configuration list for PBXNativeTarget "SmartAlarm" */ = {
			isa = XCConfigurationList;
			buildConfigurations = (
				EA45D49421922F4E0050FDC3 /* Debug */,
				EA45D49521922F4E0050FDC3 /* Release */,
			);
			defaultConfigurationIsVisible = 0;
			defaultConfigurationName = Release;
		};
		EA45D49621922F4E0050FDC3 /* Build configuration list for PBXNativeTarget "SmartAlarmTests" */ = {
			isa = XCConfigurationList;
			buildConfigurations = (
				EA45D49721922F4E0050FDC3 /* Debug */,
				EA45D49821922F4E0050FDC3 /* Release */,
			);
			defaultConfigurationIsVisible = 0;
			defaultConfigurationName = Release;
		};
		EA45D49921922F4E0050FDC3 /* Build configuration list for PBXNativeTarget "SmartAlarmUITests" */ = {
			isa = XCConfigurationList;
			buildConfigurations = (
				EA45D49A21922F4E0050FDC3 /* Debug */,
				EA45D49B21922F4E0050FDC3 /* Release */,
			);
			defaultConfigurationIsVisible = 0;
			defaultConfigurationName = Release;
		};
/* End XCConfigurationList section */

/* Begin XCVersionGroup section */
		6D610FBB21C112240064C937 /* CoreData.xcdatamodeld */ = {
			isa = XCVersionGroup;
			children = (
				6D610FBC21C112240064C937 /* CoreData.xcdatamodel */,
			);
			currentVersion = 6D610FBC21C112240064C937 /* CoreData.xcdatamodel */;
			path = CoreData.xcdatamodeld;
			sourceTree = "<group>";
			versionGroupType = wrapper.xcdatamodel;
		};
/* End XCVersionGroup section */
	};
	rootObject = EA45D46321922F4C0050FDC3 /* Project object */;
}
